
Microsoft Visual Studio Solution File, Format Version 12.00
# Visual Studio Version 17
VisualStudioVersion = 17.13.35931.197
MinimumVisualStudioVersion = 10.0.40219.1
Project("{2150E333-8FDC-42A3-9474-1A3956D46DE8}") = "src", "src", "{36D591C7-65C7-A0D1-1CBC-10CDE441BDC8}"
EndProject
Project("{2150E333-8FDC-42A3-9474-1A3956D46DE8}") = "Core", "Core", "{572B0B5A-8379-44D4-AD6B-AF3E0845D3C2}"
EndProject
Project("{2150E333-8FDC-42A3-9474-1A3956D46DE8}") = "Presentation", "Presentation", "{B3271EB8-BB5A-475A-87EE-24F97E7099A1}"
EndProject
Project("{2150E333-8FDC-42A3-9474-1A3956D46DE8}") = "Infrastructure", "Infrastructure", "{C3EF2F2C-CF66-4822-B335-69215E3BF730}"
EndProject
Project("{FAE04EC0-301F-11D3-BF4B-00C04F79EFBC}") = "SkillShare.Api", "SkillShare.Api\SkillShare.Api.csproj", "{907A1B9E-6EBF-49FE-A67A-DD8C6CD558F5}"
EndProject
Project("{FAE04EC0-301F-11D3-BF4B-00C04F79EFBC}") = "SkillShare.DAL", "SkillShare.DAL\SkillShare.DAL.csproj", "{E46B2BE7-7E46-44F6-A1C3-2913476462FB}"
EndProject
Project("{FAE04EC0-301F-11D3-BF4B-00C04F79EFBC}") = "SkillShare.Domain", "SkillShare.Domain\SkillShare.Domain.csproj", "{4512C4E7-42D5-419C-B621-C9292E979070}"
EndProject
Project("{FAE04EC0-301F-11D3-BF4B-00C04F79EFBC}") = "SkillShare.Application", "SkillShare.Application\SkillShare.Application.csproj", "{8761F57C-DEC7-493D-9730-546F79FD1B60}"
EndProject
Project("{2150E333-8FDC-42A3-9474-1A3956D46DE8}") = "deploy", "deploy", "{54C8B5BC-5A20-4B46-809C-4A2F6FF649FF}"
	ProjectSection(SolutionItems) = preProject
		docker-compose.yml = docker-compose.yml
	EndProjectSection
EndProject
Project("{FAE04EC0-301F-11D3-BF4B-00C04F79EFBC}") = "SkillShare.Producer", "SkillShare.Producer\SkillShare.Producer.csproj", "{68B022E6-0842-49EA-B678-0AD1AAE65B83}"
EndProject
Project("{FAE04EC0-301F-11D3-BF4B-00C04F79EFBC}") = "SkillShare.Consumer", "SkillShare.Consumer\SkillShare.Consumer.csproj", "{9A4B71BD-EBB5-4CAD-8B32-322509415F58}"
EndProject
Global
	GlobalSection(SolutionConfigurationPlatforms) = preSolution
		Debug|Any CPU = Debug|Any CPU
		Debug|x64 = Debug|x64
		Debug|x86 = Debug|x86
		Release|Any CPU = Release|Any CPU
		Release|x64 = Release|x64
		Release|x86 = Release|x86
	EndGlobalSection
	GlobalSection(ProjectConfigurationPlatforms) = postSolution
		{907A1B9E-6EBF-49FE-A67A-DD8C6CD558F5}.Debug|Any CPU.ActiveCfg = Debug|Any CPU
		{907A1B9E-6EBF-49FE-A67A-DD8C6CD558F5}.Debug|Any CPU.Build.0 = Debug|Any CPU
		{907A1B9E-6EBF-49FE-A67A-DD8C6CD558F5}.Debug|x64.ActiveCfg = Debug|Any CPU
		{907A1B9E-6EBF-49FE-A67A-DD8C6CD558F5}.Debug|x64.Build.0 = Debug|Any CPU
		{907A1B9E-6EBF-49FE-A67A-DD8C6CD558F5}.Debug|x86.ActiveCfg = Debug|Any CPU
		{907A1B9E-6EBF-49FE-A67A-DD8C6CD558F5}.Debug|x86.Build.0 = Debug|Any CPU
		{907A1B9E-6EBF-49FE-A67A-DD8C6CD558F5}.Release|Any CPU.ActiveCfg = Release|Any CPU
		{907A1B9E-6EBF-49FE-A67A-DD8C6CD558F5}.Release|Any CPU.Build.0 = Release|Any CPU
		{907A1B9E-6EBF-49FE-A67A-DD8C6CD558F5}.Release|x64.ActiveCfg = Release|Any CPU
		{907A1B9E-6EBF-49FE-A67A-DD8C6CD558F5}.Release|x64.Build.0 = Release|Any CPU
		{907A1B9E-6EBF-49FE-A67A-DD8C6CD558F5}.Release|x86.ActiveCfg = Release|Any CPU
		{907A1B9E-6EBF-49FE-A67A-DD8C6CD558F5}.Release|x86.Build.0 = Release|Any CPU
		{E46B2BE7-7E46-44F6-A1C3-2913476462FB}.Debug|Any CPU.ActiveCfg = Debug|Any CPU
		{E46B2BE7-7E46-44F6-A1C3-2913476462FB}.Debug|Any CPU.Build.0 = Debug|Any CPU
		{E46B2BE7-7E46-44F6-A1C3-2913476462FB}.Debug|x64.ActiveCfg = Debug|Any CPU
		{E46B2BE7-7E46-44F6-A1C3-2913476462FB}.Debug|x64.Build.0 = Debug|Any CPU
		{E46B2BE7-7E46-44F6-A1C3-2913476462FB}.Debug|x86.ActiveCfg = Debug|Any CPU
		{E46B2BE7-7E46-44F6-A1C3-2913476462FB}.Debug|x86.Build.0 = Debug|Any CPU
		{E46B2BE7-7E46-44F6-A1C3-2913476462FB}.Release|Any CPU.ActiveCfg = Release|Any CPU
		{E46B2BE7-7E46-44F6-A1C3-2913476462FB}.Release|Any CPU.Build.0 = Release|Any CPU
		{E46B2BE7-7E46-44F6-A1C3-2913476462FB}.Release|x64.ActiveCfg = Release|Any CPU
		{E46B2BE7-7E46-44F6-A1C3-2913476462FB}.Release|x64.Build.0 = Release|Any CPU
		{E46B2BE7-7E46-44F6-A1C3-2913476462FB}.Release|x86.ActiveCfg = Release|Any CPU
		{E46B2BE7-7E46-44F6-A1C3-2913476462FB}.Release|x86.Build.0 = Release|Any CPU
		{4512C4E7-42D5-419C-B621-C9292E979070}.Debug|Any CPU.ActiveCfg = Debug|Any CPU
		{4512C4E7-42D5-419C-B621-C9292E979070}.Debug|Any CPU.Build.0 = Debug|Any CPU
		{4512C4E7-42D5-419C-B621-C9292E979070}.Debug|x64.ActiveCfg = Debug|Any CPU
		{4512C4E7-42D5-419C-B621-C9292E979070}.Debug|x64.Build.0 = Debug|Any CPU
		{4512C4E7-42D5-419C-B621-C9292E979070}.Debug|x86.ActiveCfg = Debug|Any CPU
		{4512C4E7-42D5-419C-B621-C9292E979070}.Debug|x86.Build.0 = Debug|Any CPU
		{4512C4E7-42D5-419C-B621-C9292E979070}.Release|Any CPU.ActiveCfg = Release|Any CPU
		{4512C4E7-42D5-419C-B621-C9292E979070}.Release|Any CPU.Build.0 = Release|Any CPU
		{4512C4E7-42D5-419C-B621-C9292E979070}.Release|x64.ActiveCfg = Release|Any CPU
		{4512C4E7-42D5-419C-B621-C9292E979070}.Release|x64.Build.0 = Release|Any CPU
		{4512C4E7-42D5-419C-B621-C9292E979070}.Release|x86.ActiveCfg = Release|Any CPU
		{4512C4E7-42D5-419C-B621-C9292E979070}.Release|x86.Build.0 = Release|Any CPU
		{8761F57C-DEC7-493D-9730-546F79FD1B60}.Debug|Any CPU.ActiveCfg = Debug|Any CPU
		{8761F57C-DEC7-493D-9730-546F79FD1B60}.Debug|Any CPU.Build.0 = Debug|Any CPU
		{8761F57C-DEC7-493D-9730-546F79FD1B60}.Debug|x64.ActiveCfg = Debug|Any CPU
		{8761F57C-DEC7-493D-9730-546F79FD1B60}.Debug|x64.Build.0 = Debug|Any CPU
		{8761F57C-DEC7-493D-9730-546F79FD1B60}.Debug|x86.ActiveCfg = Debug|Any CPU
		{8761F57C-DEC7-493D-9730-546F79FD1B60}.Debug|x86.Build.0 = Debug|Any CPU
		{8761F57C-DEC7-493D-9730-546F79FD1B60}.Release|Any CPU.ActiveCfg = Release|Any CPU
		{8761F57C-DEC7-493D-9730-546F79FD1B60}.Release|Any CPU.Build.0 = Release|Any CPU
		{8761F57C-DEC7-493D-9730-546F79FD1B60}.Release|x64.ActiveCfg = Release|Any CPU
		{8761F57C-DEC7-493D-9730-546F79FD1B60}.Release|x64.Build.0 = Release|Any CPU
		{8761F57C-DEC7-493D-9730-546F79FD1B60}.Release|x86.ActiveCfg = Release|Any CPU
		{8761F57C-DEC7-493D-9730-546F79FD1B60}.Release|x86.Build.0 = Release|Any CPU
		{68B022E6-0842-49EA-B678-0AD1AAE65B83}.Debug|Any CPU.ActiveCfg = Debug|Any CPU
		{68B022E6-0842-49EA-B678-0AD1AAE65B83}.Debug|Any CPU.Build.0 = Debug|Any CPU
		{68B022E6-0842-49EA-B678-0AD1AAE65B83}.Debug|x64.ActiveCfg = Debug|Any CPU
		{68B022E6-0842-49EA-B678-0AD1AAE65B83}.Debug|x64.Build.0 = Debug|Any CPU
		{68B022E6-0842-49EA-B678-0AD1AAE65B83}.Debug|x86.ActiveCfg = Debug|Any CPU
		{68B022E6-0842-49EA-B678-0AD1AAE65B83}.Debug|x86.Build.0 = Debug|Any CPU
		{68B022E6-0842-49EA-B678-0AD1AAE65B83}.Release|Any CPU.ActiveCfg = Release|Any CPU
		{68B022E6-0842-49EA-B678-0AD1AAE65B83}.Release|Any CPU.Build.0 = Release|Any CPU
		{68B022E6-0842-49EA-B678-0AD1AAE65B83}.Release|x64.ActiveCfg = Release|Any CPU
		{68B022E6-0842-49EA-B678-0AD1AAE65B83}.Release|x64.Build.0 = Release|Any CPU
		{68B022E6-0842-49EA-B678-0AD1AAE65B83}.Release|x86.ActiveCfg = Release|Any CPU
		{68B022E6-0842-49EA-B678-0AD1AAE65B83}.Release|x86.Build.0 = Release|Any CPU
		{9A4B71BD-EBB5-4CAD-8B32-322509415F58}.Debug|Any CPU.ActiveCfg = Debug|Any CPU
		{9A4B71BD-EBB5-4CAD-8B32-322509415F58}.Debug|Any CPU.Build.0 = Debug|Any CPU
		{9A4B71BD-EBB5-4CAD-8B32-322509415F58}.Debug|x64.ActiveCfg = Debug|Any CPU
		{9A4B71BD-EBB5-4CAD-8B32-322509415F58}.Debug|x64.Build.0 = Debug|Any CPU
		{9A4B71BD-EBB5-4CAD-8B32-322509415F58}.Debug|x86.ActiveCfg = Debug|Any CPU
		{9A4B71BD-EBB5-4CAD-8B32-322509415F58}.Debug|x86.Build.0 = Debug|Any CPU
		{9A4B71BD-EBB5-4CAD-8B32-322509415F58}.Release|Any CPU.ActiveCfg = Release|Any CPU
		{9A4B71BD-EBB5-4CAD-8B32-322509415F58}.Release|Any CPU.Build.0 = Release|Any CPU
		{9A4B71BD-EBB5-4CAD-8B32-322509415F58}.Release|x64.ActiveCfg = Release|Any CPU
		{9A4B71BD-EBB5-4CAD-8B32-322509415F58}.Release|x64.Build.0 = Release|Any CPU
		{9A4B71BD-EBB5-4CAD-8B32-322509415F58}.Release|x86.ActiveCfg = Release|Any CPU
		{9A4B71BD-EBB5-4CAD-8B32-322509415F58}.Release|x86.Build.0 = Release|Any CPU
	EndGlobalSection
	GlobalSection(SolutionProperties) = preSolution
		HideSolutionNode = FALSE
	EndGlobalSection
	GlobalSection(NestedProjects) = preSolution
		{572B0B5A-8379-44D4-AD6B-AF3E0845D3C2} = {36D591C7-65C7-A0D1-1CBC-10CDE441BDC8}
		{B3271EB8-BB5A-475A-87EE-24F97E7099A1} = {36D591C7-65C7-A0D1-1CBC-10CDE441BDC8}
		{C3EF2F2C-CF66-4822-B335-69215E3BF730} = {36D591C7-65C7-A0D1-1CBC-10CDE441BDC8}
		{907A1B9E-6EBF-49FE-A67A-DD8C6CD558F5} = {B3271EB8-BB5A-475A-87EE-24F97E7099A1}
		{E46B2BE7-7E46-44F6-A1C3-2913476462FB} = {C3EF2F2C-CF66-4822-B335-69215E3BF730}
		{4512C4E7-42D5-419C-B621-C9292E979070} = {572B0B5A-8379-44D4-AD6B-AF3E0845D3C2}
		{8761F57C-DEC7-493D-9730-546F79FD1B60} = {572B0B5A-8379-44D4-AD6B-AF3E0845D3C2}
		{68B022E6-0842-49EA-B678-0AD1AAE65B83} = {C3EF2F2C-CF66-4822-B335-69215E3BF730}
		{9A4B71BD-EBB5-4CAD-8B32-322509415F58} = {C3EF2F2C-CF66-4822-B335-69215E3BF730}
	EndGlobalSection
	GlobalSection(ExtensibilityGlobals) = postSolution
		SolutionGuid = {5BA41609-A4E9-45BD-9992-FAD2EBAAA3A0}
	EndGlobalSection
EndGlobal
